{
    "name": "joke-api",
    "version": "1.0.0",
    "lockfileVersion": 1,
    "requires": true,
    "dependencies": {
        "esbuild": {
            "version": "0.8.4",
            "resolved": "https://registry.npmjs.org/esbuild/-/esbuild-0.8.4.tgz",
            "integrity": "sha512-jurgESLOEBBo4s73Mwiu5rKx2+DSqlvDPs1UMQ269gazycdId9HKenzZHn1L8cbClLJMGLBO0Wzi/iSm0e488w==",
            "dev": true
        }
    }
}
